// !$*UTF8*$!
{
	archiveVersion = 1;
	classes = {
	};
	objectVersion = 48;
	objects = {

/* Begin PBXBuildFile section */
		770CA5111FED21A3001A4D92 /* FancyView.swift in Sources */ = {isa = PBXBuildFile; fileRef = 770CA5101FED21A3001A4D92 /* FancyView.swift */; };
		770CA5131FED2244001A4D92 /* Constants.swift in Sources */ = {isa = PBXBuildFile; fileRef = 770CA5121FED2244001A4D92 /* Constants.swift */; };
		770CA5171FED2B37001A4D92 /* GoogleService-Info.plist in Resources */ = {isa = PBXBuildFile; fileRef = 770CA5161FED2B37001A4D92 /* GoogleService-Info.plist */; };
		770CA51B1FED4E61001A4D92 /* Button.swift in Sources */ = {isa = PBXBuildFile; fileRef = 770CA51A1FED4E61001A4D92 /* Button.swift */; };
		770CA51D1FED4F24001A4D92 /* FBbutton.swift in Sources */ = {isa = PBXBuildFile; fileRef = 770CA51C1FED4F24001A4D92 /* FBbutton.swift */; };
		770CA51F1FED52A6001A4D92 /* textField.swift in Sources */ = {isa = PBXBuildFile; fileRef = 770CA51E1FED52A6001A4D92 /* textField.swift */; };
		7769465A1FEAB8F5009ADA81 /* AppDelegate.swift in Sources */ = {isa = PBXBuildFile; fileRef = 776946591FEAB8F5009ADA81 /* AppDelegate.swift */; };
		7769465C1FEAB8F5009ADA81 /* SignInVC.swift in Sources */ = {isa = PBXBuildFile; fileRef = 7769465B1FEAB8F5009ADA81 /* SignInVC.swift */; };
		7769465F1FEAB8F5009ADA81 /* Main.storyboard in Resources */ = {isa = PBXBuildFile; fileRef = 7769465D1FEAB8F5009ADA81 /* Main.storyboard */; };
		776946611FEAB8F5009ADA81 /* Assets.xcassets in Resources */ = {isa = PBXBuildFile; fileRef = 776946601FEAB8F5009ADA81 /* Assets.xcassets */; };
		776946641FEAB8F5009ADA81 /* LaunchScreen.storyboard in Resources */ = {isa = PBXBuildFile; fileRef = 776946621FEAB8F5009ADA81 /* LaunchScreen.storyboard */; };
		C3C392C5CC0E6846C4EBA73B /* Pods_social_app2.framework in Frameworks */ = {isa = PBXBuildFile; fileRef = DBA06E37F66FFF5BA081A5D5 /* Pods_social_app2.framework */; };
/* End PBXBuildFile section */

/* Begin PBXFileReference section */
		72C1BD2835B3F8AB3E6D3737 /* Pods-social-app2.release.xcconfig */ = {isa = PBXFileReference; includeInIndex = 1; lastKnownFileType = text.xcconfig; name = "Pods-social-app2.release.xcconfig"; path = "Pods/Target Support Files/Pods-social-app2/Pods-social-app2.release.xcconfig"; sourceTree = "<group>"; };
		770CA5101FED21A3001A4D92 /* FancyView.swift */ = {isa = PBXFileReference; lastKnownFileType = sourcecode.swift; path = FancyView.swift; sourceTree = "<group>"; };
		770CA5121FED2244001A4D92 /* Constants.swift */ = {isa = PBXFileReference; lastKnownFileType = sourcecode.swift; path = Constants.swift; sourceTree = "<group>"; };
		770CA5161FED2B37001A4D92 /* GoogleService-Info.plist */ = {isa = PBXFileReference; fileEncoding = 4; lastKnownFileType = text.plist.xml; name = "GoogleService-Info.plist"; path = "../../../Downloads/GoogleService-Info.plist"; sourceTree = "<group>"; };
		770CA51A1FED4E61001A4D92 /* Button.swift */ = {isa = PBXFileReference; lastKnownFileType = sourcecode.swift; path = Button.swift; sourceTree = "<group>"; };
		770CA51C1FED4F24001A4D92 /* FBbutton.swift */ = {isa = PBXFileReference; lastKnownFileType = sourcecode.swift; path = FBbutton.swift; sourceTree = "<group>"; };
		770CA51E1FED52A6001A4D92 /* textField.swift */ = {isa = PBXFileReference; lastKnownFileType = sourcecode.swift; path = textField.swift; sourceTree = "<group>"; };
		776946561FEAB8F5009ADA81 /* social-app2.app */ = {isa = PBXFileReference; explicitFileType = wrapper.application; includeInIndex = 0; path = "social-app2.app"; sourceTree = BUILT_PRODUCTS_DIR; };
		776946591FEAB8F5009ADA81 /* AppDelegate.swift */ = {isa = PBXFileReference; lastKnownFileType = sourcecode.swift; path = AppDelegate.swift; sourceTree = "<group>"; };
		7769465B1FEAB8F5009ADA81 /* SignInVC.swift */ = {isa = PBXFileReference; lastKnownFileType = sourcecode.swift; path = SignInVC.swift; sourceTree = "<group>"; };
		7769465E1FEAB8F5009ADA81 /* Base */ = {isa = PBXFileReference; lastKnownFileType = file.storyboard; name = Base; path = Base.lproj/Main.storyboard; sourceTree = "<group>"; };
		776946601FEAB8F5009ADA81 /* Assets.xcassets */ = {isa = PBXFileReference; lastKnownFileType = folder.assetcatalog; path = Assets.xcassets; sourceTree = "<group>"; };
		776946631FEAB8F5009ADA81 /* Base */ = {isa = PBXFileReference; lastKnownFileType = file.storyboard; name = Base; path = Base.lproj/LaunchScreen.storyboard; sourceTree = "<group>"; };
		776946651FEAB8F5009ADA81 /* Info.plist */ = {isa = PBXFileReference; lastKnownFileType = text.plist.xml; path = Info.plist; sourceTree = "<group>"; };
		CB81C5B08A531665EE5E3C2B /* Pods-social-app2.debug.xcconfig */ = {isa = PBXFileReference; includeInIndex = 1; lastKnownFileType = text.xcconfig; name = "Pods-social-app2.debug.xcconfig"; path = "Pods/Target Support Files/Pods-social-app2/Pods-social-app2.debug.xcconfig"; sourceTree = "<group>"; };
		DBA06E37F66FFF5BA081A5D5 /* Pods_social_app2.framework */ = {isa = PBXFileReference; explicitFileType = wrapper.framework; includeInIndex = 0; path = Pods_social_app2.framework; sourceTree = BUILT_PRODUCTS_DIR; };
/* End PBXFileReference section */

/* Begin PBXFrameworksBuildPhase section */
		776946531FEAB8F5009ADA81 /* Frameworks */ = {
			isa = PBXFrameworksBuildPhase;
			buildActionMask = 2147483647;
			files = (
				C3C392C5CC0E6846C4EBA73B /* Pods_social_app2.framework in Frameworks */,
			);
			runOnlyForDeploymentPostprocessing = 0;
		};
/* End PBXFrameworksBuildPhase section */

/* Begin PBXGroup section */
		205C81ABF68299B58C8D7F47 /* Pods */ = {
			isa = PBXGroup;
			children = (
				CB81C5B08A531665EE5E3C2B /* Pods-social-app2.debug.xcconfig */,
				72C1BD2835B3F8AB3E6D3737 /* Pods-social-app2.release.xcconfig */,
			);
			name = Pods;
			sourceTree = "<group>";
		};
		2EFF2E7F2AE6428C2A5A85F8 /* Frameworks */ = {
			isa = PBXGroup;
			children = (
				DBA06E37F66FFF5BA081A5D5 /* Pods_social_app2.framework */,
			);
			name = Frameworks;
			sourceTree = "<group>";
		};
		7769464D1FEAB8F5009ADA81 = {
			isa = PBXGroup;
			children = (
				776946581FEAB8F5009ADA81 /* social-app2 */,
				776946571FEAB8F5009ADA81 /* Products */,
				205C81ABF68299B58C8D7F47 /* Pods */,
				2EFF2E7F2AE6428C2A5A85F8 /* Frameworks */,
			);
			sourceTree = "<group>";
		};
		776946571FEAB8F5009ADA81 /* Products */ = {
			isa = PBXGroup;
			children = (
				776946561FEAB8F5009ADA81 /* social-app2.app */,
			);
			name = Products;
			sourceTree = "<group>";
		};
		776946581FEAB8F5009ADA81 /* social-app2 */ = {
			isa = PBXGroup;
			children = (
				776946591FEAB8F5009ADA81 /* AppDelegate.swift */,
				7769465B1FEAB8F5009ADA81 /* SignInVC.swift */,
				7769465D1FEAB8F5009ADA81 /* Main.storyboard */,
				776946601FEAB8F5009ADA81 /* Assets.xcassets */,
				776946621FEAB8F5009ADA81 /* LaunchScreen.storyboard */,
				776946651FEAB8F5009ADA81 /* Info.plist */,
				770CA5161FED2B37001A4D92 /* GoogleService-Info.plist */,
				770CA5101FED21A3001A4D92 /* FancyView.swift */,
				770CA5121FED2244001A4D92 /* Constants.swift */,
				770CA51A1FED4E61001A4D92 /* Button.swift */,
				770CA51C1FED4F24001A4D92 /* FBbutton.swift */,
				770CA51E1FED52A6001A4D92 /* textField.swift */,
			);
			path = "social-app2";
			sourceTree = "<group>";
		};
/* End PBXGroup section */

/* Begin PBXNativeTarget section */
		776946551FEAB8F5009ADA81 /* social-app2 */ = {
			isa = PBXNativeTarget;
			buildConfigurationList = 776946681FEAB8F5009ADA81 /* Build configuration list for PBXNativeTarget "social-app2" */;
			buildPhases = (
				DB8794C3A6BA7E7AF80F9F25 /* [CP] Check Pods Manifest.lock */,
				776946521FEAB8F5009ADA81 /* Sources */,
				776946531FEAB8F5009ADA81 /* Frameworks */,
				776946541FEAB8F5009ADA81 /* Resources */,
				B13E0CFF902F3CDDA27378E1 /* [CP] Embed Pods Frameworks */,
				2DF1EB961E835055081174FD /* [CP] Copy Pods Resources */,
			);
			buildRules = (
			);
			dependencies = (
			);
			name = "social-app2";
			productName = "social-app2";
			productReference = 776946561FEAB8F5009ADA81 /* social-app2.app */;
			productType = "com.apple.product-type.application";
		};
/* End PBXNativeTarget section */

/* Begin PBXProject section */
		7769464E1FEAB8F5009ADA81 /* Project object */ = {
			isa = PBXProject;
			attributes = {
				LastSwiftUpdateCheck = 0910;
				LastUpgradeCheck = 0910;
				ORGANIZATIONNAME = "kasra solati";
				TargetAttributes = {
					776946551FEAB8F5009ADA81 = {
						CreatedOnToolsVersion = 9.1;
						ProvisioningStyle = Automatic;
					};
				};
			};
			buildConfigurationList = 776946511FEAB8F5009ADA81 /* Build configuration list for PBXProject "social-app2" */;
			compatibilityVersion = "Xcode 8.0";
			developmentRegion = en;
			hasScannedForEncodings = 0;
			knownRegions = (
				en,
				Base,
			);
			mainGroup = 7769464D1FEAB8F5009ADA81;
			productRefGroup = 776946571FEAB8F5009ADA81 /* Products */;
			projectDirPath = "";
			projectRoot = "";
			targets = (
				776946551FEAB8F5009ADA81 /* social-app2 */,
			);
		};
/* End PBXProject section */

/* Begin PBXResourcesBuildPhase section */
		776946541FEAB8F5009ADA81 /* Resources */ = {
			isa = PBXResourcesBuildPhase;
			buildActionMask = 2147483647;
			files = (
				776946641FEAB8F5009ADA81 /* LaunchScreen.storyboard in Resources */,
				770CA5171FED2B37001A4D92 /* GoogleService-Info.plist in Resources */,
				776946611FEAB8F5009ADA81 /* Assets.xcassets in Resources */,
				7769465F1FEAB8F5009ADA81 /* Main.storyboard in Resources */,
			);
			runOnlyForDeploymentPostprocessing = 0;
		};
/* End PBXResourcesBuildPhase section */

/* Begin PBXShellScriptBuildPhase section */
		2DF1EB961E835055081174FD /* [CP] Copy Pods Resources */ = {
			isa = PBXShellScriptBuildPhase;
			buildActionMask = 2147483647;
			files = (
			);
			inputPaths = (
			);
			name = "[CP] Copy Pods Resources";
			outputPaths = (
			);
			runOnlyForDeploymentPostprocessing = 0;
			shellPath = /bin/sh;
			shellScript = "\"${SRCROOT}/Pods/Target Support Files/Pods-social-app2/Pods-social-app2-resources.sh\"\n";
			showEnvVarsInLog = 0;
		};
		B13E0CFF902F3CDDA27378E1 /* [CP] Embed Pods Frameworks */ = {
			isa = PBXShellScriptBuildPhase;
			buildActionMask = 2147483647;
			files = (
			);
			inputPaths = (
				"${SRCROOT}/Pods/Target Support Files/Pods-social-app2/Pods-social-app2-frameworks.sh",
				"${BUILT_PRODUCTS_DIR}/GTMSessionFetcher/GTMSessionFetcher.framework",
				"${BUILT_PRODUCTS_DIR}/GoogleToolboxForMac/GoogleToolboxForMac.framework",
				"${BUILT_PRODUCTS_DIR}/leveldb-library/leveldb.framework",
				"${BUILT_PRODUCTS_DIR}/nanopb/nanopb.framework",
			);
			name = "[CP] Embed Pods Frameworks";
			outputPaths = (
				"${TARGET_BUILD_DIR}/${FRAMEWORKS_FOLDER_PATH}/GTMSessionFetcher.framework",
				"${TARGET_BUILD_DIR}/${FRAMEWORKS_FOLDER_PATH}/GoogleToolboxForMac.framework",
				"${TARGET_BUILD_DIR}/${FRAMEWORKS_FOLDER_PATH}/leveldb.framework",
				"${TARGET_BUILD_DIR}/${FRAMEWORKS_FOLDER_PATH}/nanopb.framework",
			);
			runOnlyForDeploymentPostprocessing = 0;
			shellPath = /bin/sh;
			shellScript = "\"${SRCROOT}/Pods/Target Support Files/Pods-social-app2/Pods-social-app2-frameworks.sh\"\n";
			showEnvVarsInLog = 0;
		};
		DB8794C3A6BA7E7AF80F9F25 /* [CP] Check Pods Manifest.lock */ = {
			isa = PBXShellScriptBuildPhase;
			buildActionMask = 2147483647;
			files = (
			);
			inputPaths = (
				"${PODS_PODFILE_DIR_PATH}/Podfile.lock",
				"${PODS_ROOT}/Manifest.lock",
			);
			name = "[CP] Check Pods Manifest.lock";
			outputPaths = (
				"$(DERIVED_FILE_DIR)/Pods-social-app2-checkManifestLockResult.txt",
			);
			runOnlyForDeploymentPostprocessing = 0;
			shellPath = /bin/sh;
			shellScript = "diff \"${PODS_PODFILE_DIR_PATH}/Podfile.lock\" \"${PODS_ROOT}/Manifest.lock\" > /dev/null\nif [ $? != 0 ] ; then\n    # print error to STDERR\n    echo \"error: The sandbox is not in sync with the Podfile.lock. Run 'pod install' or update your CocoaPods installation.\" >&2\n    exit 1\nfi\n# This output is used by Xcode 'outputs' to avoid re-running this script phase.\necho \"SUCCESS\" > \"${SCRIPT_OUTPUT_FILE_0}\"\n";
			showEnvVarsInLog = 0;
		};
/* End PBXShellScriptBuildPhase section */

/* Begin PBXSourcesBuildPhase section */
		776946521FEAB8F5009ADA81 /* Sources */ = {
			isa = PBXSourcesBuildPhase;
			buildActionMask = 2147483647;
			files = (
				770CA51B1FED4E61001A4D92 /* Button.swift in Sources */,
				7769465C1FEAB8F5009ADA81 /* SignInVC.swift in Sources */,
				770CA51F1FED52A6001A4D92 /* textField.swift in Sources */,
				7769465A1FEAB8F5009ADA81 /* AppDelegate.swift in Sources */,
				770CA5111FED21A3001A4D92 /* FancyView.swift in Sources */,
				770CA5131FED2244001A4D92 /* Constants.swift in Sources */,
				770CA51D1FED4F24001A4D92 /* FBbutton.swift in Sources */,
			);
			runOnlyForDeploymentPostprocessing = 0;
		};
/* End PBXSourcesBuildPhase section */

/* Begin PBXVariantGroup section */
		7769465D1FEAB8F5009ADA81 /* Main.storyboard */ = {
			isa = PBXVariantGroup;
			children = (
				7769465E1FEAB8F5009ADA81 /* Base */,
			);
			name = Main.storyboard;
			sourceTree = "<group>";
		};
		776946621FEAB8F5009ADA81 /* LaunchScreen.storyboard */ = {
			isa = PBXVariantGroup;
			children = (
				776946631FEAB8F5009ADA81 /* Base */,
			);
			name = LaunchScreen.storyboard;
			sourceTree = "<group>";
		};
/* End PBXVariantGroup section */

/* Begin XCBuildConfiguration section */
		776946661FEAB8F5009ADA81 /* Debug */ = {
			isa = XCBuildConfiguration;
			buildSettings = {
				ALWAYS_SEARCH_USER_PATHS = NO;
				CLANG_ANALYZER_NONNULL = YES;
				CLANG_ANALYZER_NUMBER_OBJECT_CONVERSION = YES_AGGRESSIVE;
				CLANG_CXX_LANGUAGE_STANDARD = "gnu++14";
				CLANG_CXX_LIBRARY = "libc++";
				CLANG_ENABLE_MODULES = YES;
				CLANG_ENABLE_OBJC_ARC = YES;
				CLANG_WARN_BLOCK_CAPTURE_AUTORELEASING = YES;
				CLANG_WARN_BOOL_CONVERSION = YES;
				CLANG_WARN_COMMA = YES;
				CLANG_WARN_CONSTANT_CONVERSION = YES;
				CLANG_WARN_DIRECT_OBJC_ISA_USAGE = YES_ERROR;
				CLANG_WARN_DOCUMENTATION_COMMENTS = YES;
				CLANG_WARN_EMPTY_BODY = YES;
				CLANG_WARN_ENUM_CONVERSION = YES;
				CLANG_WARN_INFINITE_RECURSION = YES;
				CLANG_WARN_INT_CONVERSION = YES;
				CLANG_WARN_NON_LITERAL_NULL_CONVERSION = YES;
				CLANG_WARN_OBJC_LITERAL_CONVERSION = YES;
				CLANG_WARN_OBJC_ROOT_CLASS = YES_ERROR;
				CLANG_WARN_RANGE_LOOP_ANALYSIS = YES;
				CLANG_WARN_STRICT_PROTOTYPES = YES;
				CLANG_WARN_SUSPICIOUS_MOVE = YES;
				CLANG_WARN_UNGUARDED_AVAILABILITY = YES_AGGRESSIVE;
				CLANG_WARN_UNREACHABLE_CODE = YES;
				CLANG_WARN__DUPLICATE_METHOD_MATCH = YES;
				CODE_SIGN_IDENTITY = "iPhone Developer";
				COPY_PHASE_STRIP = NO;
				DEBUG_INFORMATION_FORMAT = dwarf;
				ENABLE_STRICT_OBJC_MSGSEND = YES;
				ENABLE_TESTABILITY = YES;
				GCC_C_LANGUAGE_STANDARD = gnu11;
				GCC_DYNAMIC_NO_PIC = NO;
				GCC_NO_COMMON_BLOCKS = YES;
				GCC_OPTIMIZATION_LEVEL = 0;
				GCC_PREPROCESSOR_DEFINITIONS = (
					"DEBUG=1",
					"$(inherited)",
				);
				GCC_WARN_64_TO_32_BIT_CONVERSION = YES;
				GCC_WARN_ABOUT_RETURN_TYPE = YES_ERROR;
				GCC_WARN_UNDECLARED_SELECTOR = YES;
				GCC_WARN_UNINITIALIZED_AUTOS = YES_AGGRESSIVE;
				GCC_WARN_UNUSED_FUNCTION = YES;
				GCC_WARN_UNUSED_VARIABLE = YES;
				IPHONEOS_DEPLOYMENT_TARGET = 11.1;
				MTL_ENABLE_DEBUG_INFO = YES;
				ONLY_ACTIVE_ARCH = YES;
				SDKROOT = iphoneos;
				SWIFT_ACTIVE_COMPILATION_CONDITIONS = DEBUG;
				SWIFT_OPTIMIZATION_LEVEL = "-Onone";
			};
			name = Debug;
		};
		776946671FEAB8F5009ADA81 /* Release */ = {
			isa = XCBuildConfiguration;
			buildSettings = {
				ALWAYS_SEARCH_USER_PATHS = NO;
				CLANG_ANALYZER_NONNULL = YES;
				CLANG_ANALYZER_NUMBER_OBJECT_CONVERSION = YES_AGGRESSIVE;
				CLANG_CXX_LANGUAGE_STANDARD = "gnu++14";
				CLANG_CXX_LIBRARY = "libc++";
				CLANG_ENABLE_MODULES = YES;
				CLANG_ENABLE_OBJC_ARC = YES;
				CLANG_WARN_BLOCK_CAPTURE_AUTORELEASING = YES;
				CLANG_WARN_BOOL_CONVERSION = YES;
				CLANG_WARN_COMMA = YES;
				CLANG_WARN_CONSTANT_CONVERSION = YES;
				CLANG_WARN_DIRECT_OBJC_ISA_USAGE = YES_ERROR;
				CLANG_WARN_DOCUMENTATION_COMMENTS = YES;
				CLANG_WARN_EMPTY_BODY = YES;
				CLANG_WARN_ENUM_CONVERSION = YES;
				CLANG_WARN_INFINITE_RECURSION = YES;
				CLANG_WARN_INT_CONVERSION = YES;
				CLANG_WARN_NON_LITERAL_NULL_CONVERSION = YES;
				CLANG_WARN_OBJC_LITERAL_CONVERSION = YES;
				CLANG_WARN_OBJC_ROOT_CLASS = YES_ERROR;
				CLANG_WARN_RANGE_LOOP_ANALYSIS = YES;
				CLANG_WARN_STRICT_PROTOTYPES = YES;
				CLANG_WARN_SUSPICIOUS_MOVE = YES;
				CLANG_WARN_UNGUARDED_AVAILABILITY = YES_AGGRESSIVE;
				CLANG_WARN_UNREACHABLE_CODE = YES;
				CLANG_WARN__DUPLICATE_METHOD_MATCH = YES;
				CODE_SIGN_IDENTITY = "iPhone Developer";
				COPY_PHASE_STRIP = NO;
				DEBUG_INFORMATION_FORMAT = "dwarf-with-dsym";
				ENABLE_NS_ASSERTIONS = NO;
				ENABLE_STRICT_OBJC_MSGSEND = YES;
				GCC_C_LANGUAGE_STANDARD = gnu11;
				GCC_NO_COMMON_BLOCKS = YES;
				GCC_WARN_64_TO_32_BIT_CONVERSION = YES;
				GCC_WARN_ABOUT_RETURN_TYPE = YES_ERROR;
				GCC_WARN_UNDECLARED_SELECTOR = YES;
				GCC_WARN_UNINITIALIZED_AUTOS = YES_AGGRESSIVE;
				GCC_WARN_UNUSED_FUNCTION = YES;
				GCC_WARN_UNUSED_VARIABLE = YES;
				IPHONEOS_DEPLOYMENT_TARGET = 11.1;
				MTL_ENABLE_DEBUG_INFO = NO;
				SDKROOT = iphoneos;
				SWIFT_OPTIMIZATION_LEVEL = "-Owholemodule";
				VALIDATE_PRODUCT = YES;
			};
			name = Release;
		};
		776946691FEAB8F5009ADA81 /* Debug */ = {
			isa = XCBuildConfiguration;
			baseConfigurationReference = CB81C5B08A531665EE5E3C2B /* Pods-social-app2.debug.xcconfig */;
			buildSettings = {
				ASSETCATALOG_COMPILER_APPICON_NAME = AppIcon;
				CODE_SIGN_STYLE = Automatic;
				DEVELOPMENT_TEAM = SXAJ4REX7A;
				INFOPLIST_FILE = "social-app2/Info.plist";
				LD_RUNPATH_SEARCH_PATHS = "$(inherited) @executable_path/Frameworks";
				PRODUCT_BUNDLE_IDENTIFIER = "com.developers.social-app2";
				PRODUCT_NAME = "$(TARGET_NAME)";
				SWIFT_VERSION = 4.0;
				TARGETED_DEVICE_FAMILY = "1,2";
			};
			name = Debug;
		};
		7769466A1FEAB8F5009ADA81 /* Release */ = {
			isa = XCBuildConfiguration;
			baseConfigurationReference = 72C1BD2835B3F8AB3E6D3737 /* Pods-social-app2.release.xcconfig */;
			buildSettings = {
				ASSETCATALOG_COMPILER_APPICON_NAME = AppIcon;
				CODE_SIGN_STYLE = Automatic;
				DEVELOPMENT_TEAM = SXAJ4REX7A;
				INFOPLIST_FILE = "social-app2/Info.plist";
				LD_RUNPATH_SEARCH_PATHS = "$(inherited) @executable_path/Frameworks";
				PRODUCT_BUNDLE_IDENTIFIER = "com.developers.social-app2";
				PRODUCT_NAME = "$(TARGET_NAME)";
				SWIFT_VERSION = 4.0;
				TARGETED_DEVICE_FAMILY = "1,2";
			};
			name = Release;
		};
/* End XCBuildConfiguration section */

/* Begin XCConfigurationList section */
		776946511FEAB8F5009ADA81 /* Build configuration list for PBXProject "social-app2" */ = {
			isa = XCConfigurationList;
			buildConfigurations = (
				776946661FEAB8F5009ADA81 /* Debug */,
				776946671FEAB8F5009ADA81 /* Release */,
			);
			defaultConfigurationIsVisible = 0;
			defaultConfigurationName = Release;
		};
		776946681FEAB8F5009ADA81 /* Build configuration list for PBXNativeTarget "social-app2" */ = {
			isa = XCConfigurationList;
			buildConfigurations = (
				776946691FEAB8F5009ADA81 /* Debug */,
				7769466A1FEAB8F5009ADA81 /* Release */,
			);
			defaultConfigurationIsVisible = 0;
			defaultConfigurationName = Release;
		};
/* End XCConfigurationList section */
	};
	rootObject = 7769464E1FEAB8F5009ADA81 /* Project object */;
}
